
Microsoft Visual Studio Solution File, Format Version 12.00
# Visual Studio Version 17
VisualStudioVersion = 17.12.35527.113
MinimumVisualStudioVersion = 10.0.40219.1
Project("{2150E333-8FDC-42A3-9474-1A3956D46DE8}") = "src", "src", "{A7AEF1EB-7757-4568-9797-DD24533B8C57}"
EndProject
Project("{2150E333-8FDC-42A3-9474-1A3956D46DE8}") = "01-Domain", "01-Domain", "{889A2265-88B7-45E1-8E76-F600F9636021}"
EndProject
Project("{2150E333-8FDC-42A3-9474-1A3956D46DE8}") = "02-Infrastructure", "02-Infrastructure", "{C96CE5B1-767E-437D-B5CC-CB7C582590AE}"
EndProject
Project("{2150E333-8FDC-42A3-9474-1A3956D46DE8}") = "03-Endpoint", "03-Endpoint", "{3486FCC6-E642-47DC-B888-DA46AB6ED354}"
EndProject
Project("{2150E333-8FDC-42A3-9474-1A3956D46DE8}") = "Core", "Core", "{88162FFF-B651-42D0-A9AE-782D41DC4575}"
EndProject
Project("{2150E333-8FDC-42A3-9474-1A3956D46DE8}") = "Services", "Services", "{3154B4D9-8604-4AB4-AF45-0BB2BC3ECC3C}"
EndProject
Project("{2150E333-8FDC-42A3-9474-1A3956D46DE8}") = "Pkg", "Pkg", "{8C20B149-05B2-4821-AD57-B11147B3E84E}"
EndProject
Project("{2150E333-8FDC-42A3-9474-1A3956D46DE8}") = "Test", "Test", "{8D9F7683-9683-48ED-A52A-324E689413FD}"
EndProject
Project("{FAE04EC0-301F-11D3-BF4B-00C04F79EFBC}") = "App.Domain.Core", "Src\01-Domain\Core\App.Domain.Core\App.Domain.Core.csproj", "{3D57871F-DEAD-41CA-8632-3C2A36390B8A}"
EndProject
Project("{2150E333-8FDC-42A3-9474-1A3956D46DE8}") = "Db", "Db", "{1987A5B0-C23A-47D4-8049-8F16A343A189}"
EndProject
Project("{2150E333-8FDC-42A3-9474-1A3956D46DE8}") = "DataAccess", "DataAccess", "{F8096C26-1745-4053-BE3E-3066240281A9}"
EndProject
Project("{FAE04EC0-301F-11D3-BF4B-00C04F79EFBC}") = "App.Infrastructure.Db.SqlServer.Ef", "Src\02-Infrastructure\Db\App.Infrastructure.Db.SqlServer.Ef\App.Infrastructure.Db.SqlServer.Ef.csproj", "{D319B895-EE19-42E2-B2BD-D2FD8CFEE2FE}"
EndProject
Project("{FAE04EC0-301F-11D3-BF4B-00C04F79EFBC}") = "App.Endpoints.MVC.HW20", "Src\03-Endpoint\App.Endpoints.MVC.HW20\App.Endpoints.MVC.HW20.csproj", "{5E688FA1-91D0-4D7E-8313-46D6A934E816}"
EndProject
Project("{FAE04EC0-301F-11D3-BF4B-00C04F79EFBC}") = "App.Infrastructure.DbAccess.Repository.Ef", "Src\02-Infrastructure\DataAccess\App.Infrastructure.DbAccess.Repository.Ef\App.Infrastructure.DbAccess.Repository.Ef.csproj", "{4960EE23-AF3F-4995-9224-D4E408FFF70B}"
EndProject
Project("{FAE04EC0-301F-11D3-BF4B-00C04F79EFBC}") = "App.Domain.Services.Service", "Src\01-Domain\Services\App.Domain.Services.Service\App.Domain.Services.Service.csproj", "{0370D51D-28EA-4741-836B-3190A2B8BB71}"
EndProject
Project("{FAE04EC0-301F-11D3-BF4B-00C04F79EFBC}") = "App.Domain.Services.AppService", "Src\01-Domain\Services\App.Domain.Services.AppService\App.Domain.Services.AppService.csproj", "{4DB45A6F-741C-4A8D-A60E-F1347BE83A5E}"
EndProject
Project("{FAE04EC0-301F-11D3-BF4B-00C04F79EFBC}") = "App.Endpoint.API.HW20", "Src\03-Endpoint\App.Endpoint.API.HW20\App.Endpoint.API.HW20\App.Endpoint.API.HW20.csproj", "{6DB96945-E471-4C57-9492-D8D4AF9981F3}"
EndProject
Global
	GlobalSection(SolutionConfigurationPlatforms) = preSolution
		Debug|Any CPU = Debug|Any CPU
		Release|Any CPU = Release|Any CPU
	EndGlobalSection
	GlobalSection(ProjectConfigurationPlatforms) = postSolution
		{3D57871F-DEAD-41CA-8632-3C2A36390B8A}.Debug|Any CPU.ActiveCfg = Debug|Any CPU
		{3D57871F-DEAD-41CA-8632-3C2A36390B8A}.Debug|Any CPU.Build.0 = Debug|Any CPU
		{3D57871F-DEAD-41CA-8632-3C2A36390B8A}.Release|Any CPU.ActiveCfg = Release|Any CPU
		{3D57871F-DEAD-41CA-8632-3C2A36390B8A}.Release|Any CPU.Build.0 = Release|Any CPU
		{D319B895-EE19-42E2-B2BD-D2FD8CFEE2FE}.Debug|Any CPU.ActiveCfg = Debug|Any CPU
		{D319B895-EE19-42E2-B2BD-D2FD8CFEE2FE}.Debug|Any CPU.Build.0 = Debug|Any CPU
		{D319B895-EE19-42E2-B2BD-D2FD8CFEE2FE}.Release|Any CPU.ActiveCfg = Release|Any CPU
		{D319B895-EE19-42E2-B2BD-D2FD8CFEE2FE}.Release|Any CPU.Build.0 = Release|Any CPU
		{5E688FA1-91D0-4D7E-8313-46D6A934E816}.Debug|Any CPU.ActiveCfg = Debug|Any CPU
		{5E688FA1-91D0-4D7E-8313-46D6A934E816}.Debug|Any CPU.Build.0 = Debug|Any CPU
		{5E688FA1-91D0-4D7E-8313-46D6A934E816}.Release|Any CPU.ActiveCfg = Release|Any CPU
		{5E688FA1-91D0-4D7E-8313-46D6A934E816}.Release|Any CPU.Build.0 = Release|Any CPU
		{4960EE23-AF3F-4995-9224-D4E408FFF70B}.Debug|Any CPU.ActiveCfg = Debug|Any CPU
		{4960EE23-AF3F-4995-9224-D4E408FFF70B}.Debug|Any CPU.Build.0 = Debug|Any CPU
		{4960EE23-AF3F-4995-9224-D4E408FFF70B}.Release|Any CPU.ActiveCfg = Release|Any CPU
		{4960EE23-AF3F-4995-9224-D4E408FFF70B}.Release|Any CPU.Build.0 = Release|Any CPU
		{0370D51D-28EA-4741-836B-3190A2B8BB71}.Debug|Any CPU.ActiveCfg = Debug|Any CPU
		{0370D51D-28EA-4741-836B-3190A2B8BB71}.Debug|Any CPU.Build.0 = Debug|Any CPU
		{0370D51D-28EA-4741-836B-3190A2B8BB71}.Release|Any CPU.ActiveCfg = Release|Any CPU
		{0370D51D-28EA-4741-836B-3190A2B8BB71}.Release|Any CPU.Build.0 = Release|Any CPU
		{4DB45A6F-741C-4A8D-A60E-F1347BE83A5E}.Debug|Any CPU.ActiveCfg = Debug|Any CPU
		{4DB45A6F-741C-4A8D-A60E-F1347BE83A5E}.Debug|Any CPU.Build.0 = Debug|Any CPU
		{4DB45A6F-741C-4A8D-A60E-F1347BE83A5E}.Release|Any CPU.ActiveCfg = Release|Any CPU
		{4DB45A6F-741C-4A8D-A60E-F1347BE83A5E}.Release|Any CPU.Build.0 = Release|Any CPU
		{6DB96945-E471-4C57-9492-D8D4AF9981F3}.Debug|Any CPU.ActiveCfg = Debug|Any CPU
		{6DB96945-E471-4C57-9492-D8D4AF9981F3}.Debug|Any CPU.Build.0 = Debug|Any CPU
		{6DB96945-E471-4C57-9492-D8D4AF9981F3}.Release|Any CPU.ActiveCfg = Release|Any CPU
		{6DB96945-E471-4C57-9492-D8D4AF9981F3}.Release|Any CPU.Build.0 = Release|Any CPU
	EndGlobalSection
	GlobalSection(SolutionProperties) = preSolution
		HideSolutionNode = FALSE
	EndGlobalSection
	GlobalSection(NestedProjects) = preSolution
		{889A2265-88B7-45E1-8E76-F600F9636021} = {A7AEF1EB-7757-4568-9797-DD24533B8C57}
		{C96CE5B1-767E-437D-B5CC-CB7C582590AE} = {A7AEF1EB-7757-4568-9797-DD24533B8C57}
		{3486FCC6-E642-47DC-B888-DA46AB6ED354} = {A7AEF1EB-7757-4568-9797-DD24533B8C57}
		{88162FFF-B651-42D0-A9AE-782D41DC4575} = {889A2265-88B7-45E1-8E76-F600F9636021}
		{3154B4D9-8604-4AB4-AF45-0BB2BC3ECC3C} = {889A2265-88B7-45E1-8E76-F600F9636021}
		{3D57871F-DEAD-41CA-8632-3C2A36390B8A} = {88162FFF-B651-42D0-A9AE-782D41DC4575}
		{1987A5B0-C23A-47D4-8049-8F16A343A189} = {C96CE5B1-767E-437D-B5CC-CB7C582590AE}
		{F8096C26-1745-4053-BE3E-3066240281A9} = {C96CE5B1-767E-437D-B5CC-CB7C582590AE}
		{D319B895-EE19-42E2-B2BD-D2FD8CFEE2FE} = {1987A5B0-C23A-47D4-8049-8F16A343A189}
		{5E688FA1-91D0-4D7E-8313-46D6A934E816} = {3486FCC6-E642-47DC-B888-DA46AB6ED354}
		{4960EE23-AF3F-4995-9224-D4E408FFF70B} = {F8096C26-1745-4053-BE3E-3066240281A9}
		{0370D51D-28EA-4741-836B-3190A2B8BB71} = {3154B4D9-8604-4AB4-AF45-0BB2BC3ECC3C}
		{4DB45A6F-741C-4A8D-A60E-F1347BE83A5E} = {3154B4D9-8604-4AB4-AF45-0BB2BC3ECC3C}
		{6DB96945-E471-4C57-9492-D8D4AF9981F3} = {3486FCC6-E642-47DC-B888-DA46AB6ED354}
	EndGlobalSection
EndGlobal
